
Microsoft Visual Studio Solution File, Format Version 12.00
# Visual Studio 14
VisualStudioVersion = 14.0.25420.1
MinimumVisualStudioVersion = 10.0.40219.1
Project("{FAE04EC0-301F-11D3-BF4B-00C04F79EFBC}") = "Game", "2D Game\Game.csproj", "{2843FB7B-F229-4450-A1DA-42D371C96B65}"
EndProject
Project("{FAE04EC0-301F-11D3-BF4B-00C04F79EFBC}") = "Terrain Gen Tester", "OpenGL Template\Terrain Gen Tester.csproj", "{D84B0AA8-FC44-4EC3-8523-FB7AD2AE4D48}"
EndProject
Project("{FAE04EC0-301F-11D3-BF4B-00C04F79EFBC}") = "Test Program", "Test Program\Test Program.csproj", "{3B97B732-A002-431D-B259-198CB6062DE8}"
EndProject
Global
	GlobalSection(SolutionConfigurationPlatforms) = preSolution
		Debug|Any CPU = Debug|Any CPU
		Release|Any CPU = Release|Any CPU
	EndGlobalSection
	GlobalSection(ProjectConfigurationPlatforms) = postSolution
		{2843FB7B-F229-4450-A1DA-42D371C96B65}.Debug|Any CPU.ActiveCfg = Debug|Any CPU
		{2843FB7B-F229-4450-A1DA-42D371C96B65}.Debug|Any CPU.Build.0 = Debug|Any CPU
		{2843FB7B-F229-4450-A1DA-42D371C96B65}.Release|Any CPU.ActiveCfg = Release|Any CPU
		{2843FB7B-F229-4450-A1DA-42D371C96B65}.Release|Any CPU.Build.0 = Release|Any CPU
		{D84B0AA8-FC44-4EC3-8523-FB7AD2AE4D48}.Debug|Any CPU.ActiveCfg = Debug|Any CPU
		{D84B0AA8-FC44-4EC3-8523-FB7AD2AE4D48}.Debug|Any CPU.Build.0 = Debug|Any CPU
		{D84B0AA8-FC44-4EC3-8523-FB7AD2AE4D48}.Release|Any CPU.ActiveCfg = Release|Any CPU
		{D84B0AA8-FC44-4EC3-8523-FB7AD2AE4D48}.Release|Any CPU.Build.0 = Release|Any CPU
		{3B97B732-A002-431D-B259-198CB6062DE8}.Debug|Any CPU.ActiveCfg = Debug|Any CPU
		{3B97B732-A002-431D-B259-198CB6062DE8}.Debug|Any CPU.Build.0 = Debug|Any CPU
		{3B97B732-A002-431D-B259-198CB6062DE8}.Release|Any CPU.ActiveCfg = Release|Any CPU
		{3B97B732-A002-431D-B259-198CB6062DE8}.Release|Any CPU.Build.0 = Release|Any CPU
	EndGlobalSection
	GlobalSection(SolutionProperties) = preSolution
		HideSolutionNode = FALSE
	EndGlobalSection
EndGlobal
